
Microsoft Visual Studio Solution File, Format Version 12.00
# Visual Studio Version 16
VisualStudioVersion = 16.0.31005.135
MinimumVisualStudioVersion = 10.0.40219.1
Project("{FAE04EC0-301F-11D3-BF4B-00C04F79EFBC}") = "Scanner QR-code", "Scanner QR-code\Scanner QR-code.csproj", "{478FE13B-39CA-4591-ADBF-8D28524DE1AE}"
EndProject
Global
	GlobalSection(SolutionConfigurationPlatforms) = preSolution
		Debug|Any CPU = Debug|Any CPU
		Release|Any CPU = Release|Any CPU
	EndGlobalSection
	GlobalSection(ProjectConfigurationPlatforms) = postSolution
		{478FE13B-39CA-4591-ADBF-8D28524DE1AE}.Debug|Any CPU.ActiveCfg = Debug|Any CPU
		{478FE13B-39CA-4591-ADBF-8D28524DE1AE}.Debug|Any CPU.Build.0 = Debug|Any CPU
		{478FE13B-39CA-4591-ADBF-8D28524DE1AE}.Release|Any CPU.ActiveCfg = Release|Any CPU
		{478FE13B-39CA-4591-ADBF-8D28524DE1AE}.Release|Any CPU.Build.0 = Release|Any CPU
	EndGlobalSection
	GlobalSection(SolutionProperties) = preSolution
		HideSolutionNode = FALSE
	EndGlobalSection
	GlobalSection(ExtensibilityGlobals) = postSolution
		SolutionGuid = {31F21D56-B300-4367-A067-6A305835F3A2}
	EndGlobalSection
EndGlobal
